# This file is autogenerated, do not edit; changes may be undone by the next 'dep ensure'.


[[projects]]
  name = "github.com/gorilla/context"
  packages = ["."]
  revision = "08b5f424b9271eedf6f9f0ce86cb9396ed337a42"
  version = "v1.1.1"

[[projects]]
  name = "github.com/gorilla/mux"
  packages = ["."]
  revision = "e3702bed27f0d39777b0b37b664b6280e8ef8fbf"
  version = "v1.6.2"

[[projects]]
  branch = "master"
  name = "github.com/nu7hatch/gouuid"
  packages = ["."]
  revision = "179d4d0c4d8d407a32af483c2354df1d2c91e6c3"

[solve-meta]
  analyzer-name = "dep"
  analyzer-version = 1
  inputs-digest = "d0267b89ef27f6f00112deb8bee1237e722f9bf9b08bd71b4101f4aa850ac791"
  solver-name = "gps-cdcl"
  solver-version = 1
